PODS:
  - AppBundle (1.0.0)
  - AsyncDisplayKit (1.0.0)
  - Display (1.0.0):
    - AppBundle
    - AsyncDisplayKit
    - Markdown
    - ObjCRuntimeUtils
    - SwiftSignalKit
    - UIKitRuntimeUtils
  - GDPerformanceView-Swift (2.1.1)
  - Kingfisher (7.11.0)
  - Markdown (1.0.0)
  - MergeLists (1.0.0)
  - ObjCRuntimeUtils (1.0.0)
  - SnapKit (5.6.0)
  - SwiftSignalKit (1.0.0)
  - UIKitRuntimeUtils (1.0.0):
    - AsyncDisplayKit
    - ObjCRuntimeUtils

DEPENDENCIES:
  - AppBundle (from `LocalLib/AppBundle`)
  - AsyncDisplayKit (from `LocalLib/AsyncDisplayKit`)
  - Display (from `LocalLib/Display`)
  - GDPerformanceView-Swift
  - Kingfisher
  - Markdown (from `LocalLib/Markdown`)
  - MergeLists (from `LocalLib/MergeLists`)
  - ObjCRuntimeUtils (from `LocalLib/ObjCRuntimeUtils`)
  - SnapKit
  - SwiftSignalKit (from `LocalLib/SwiftSignalKit`)
  - UIKitRuntimeUtils (from `LocalLib/UIKitRuntimeUtils`)

SPEC REPOS:
  trunk:
    - GDPerformanceView-Swift
    - Kingfisher
    - SnapKit

EXTERNAL SOURCES:
  AppBundle:
    :path: LocalLib/AppBundle
  AsyncDisplayKit:
    :path: LocalLib/AsyncDisplayKit
  Display:
    :path: LocalLib/Display
  Markdown:
    :path: LocalLib/Markdown
  MergeLists:
    :path: LocalLib/MergeLists
  ObjCRuntimeUtils:
    :path: LocalLib/ObjCRuntimeUtils
  SwiftSignalKit:
    :path: LocalLib/SwiftSignalKit
  UIKitRuntimeUtils:
    :path: LocalLib/UIKitRuntimeUtils

SPEC CHECKSUMS:
  AppBundle: 792a39527c17d8ff2e98f0faddca106495334535
  AsyncDisplayKit: 81922bf21567440d409452e1d688f2daf10fd2d3
  Display: 614e441be95aa8721656242168a950858e9187a7
  GDPerformanceView-Swift: 22d964fe40b19e3d914dba2586237d064de8fd77
  Kingfisher: b9c985d864d43515f404f1ef4a8ce7d802ace3ac
  Markdown: d2995a605760e551d8ae61b9e320d88f57d7dc71
  MergeLists: b3d91f80a41167dde06d48d54df4ab4969f0599d
  ObjCRuntimeUtils: 8fc18e7c3c50ba7f1ccda0c5e38f0fdf5a629469
  SnapKit: e01d52ebb8ddbc333eefe2132acf85c8227d9c25
  SwiftSignalKit: 0e94f337c2f5dc214fce0a97b7db2c0940218bb2
  UIKitRuntimeUtils: 95590f673bad3d2a7d47025849f602812ac36e68

PODFILE CHECKSUM: 36082912d6c19a06951bdfb39d0b9a529bd82c32

COCOAPODS: 1.12.1
