// !$*UTF8*$!
{
	archiveVersion = 1;
	classes = {
	};
	objectVersion = 55;
	objects = {

/* Begin PBXBuildFile section */
		5294F3AA2B0D15740004DFD8 /* AuthorizationSequenceSplashController.swift in Sources */ = {isa = PBXBuildFile; fileRef = 5294F3A92B0D15740004DFD8 /* AuthorizationSequenceSplashController.swift */; };
		5294F3AD2B0D16150004DFD8 /* RMIntroViewController.swift in Sources */ = {isa = PBXBuildFile; fileRef = 5294F3AC2B0D16150004DFD8 /* RMIntroViewController.swift */; };
		5294F3AF2B0F87070004DFD8 /* StatusBarHost.swift in Sources */ = {isa = PBXBuildFile; fileRef = 5294F3AE2B0F87070004DFD8 /* StatusBarHost.swift */; };
		5294F3B12B0F8C820004DFD8 /* ApplicationContext.swift in Sources */ = {isa = PBXBuildFile; fileRef = 5294F3B02B0F8C820004DFD8 /* ApplicationContext.swift */; };
		5294F3BD2B10F8E70004DFD8 /* Localizable.strings in Resources */ = {isa = PBXBuildFile; fileRef = 5294F3BB2B10F8E70004DFD8 /* Localizable.strings */; };
		5294F3BF2B110CFF0004DFD8 /* AuthorizationSequencePhoneEntryController.swift in Sources */ = {isa = PBXBuildFile; fileRef = 5294F3BE2B110CFF0004DFD8 /* AuthorizationSequencePhoneEntryController.swift */; };
		5294F3C12B1360630004DFD8 /* AuthorizationSequencePhoneEntryControllerNode.swift in Sources */ = {isa = PBXBuildFile; fileRef = 5294F3C02B1360630004DFD8 /* AuthorizationSequencePhoneEntryControllerNode.swift */; };
		5294F3C52B13A6CC0004DFD8 /* TelegramRootController.swift in Sources */ = {isa = PBXBuildFile; fileRef = 5294F3C42B13A6CC0004DFD8 /* TelegramRootController.swift */; };
		5294F3C72B13A8010004DFD8 /* TabBarController.swift in Sources */ = {isa = PBXBuildFile; fileRef = 5294F3C62B13A8010004DFD8 /* TabBarController.swift */; };
		5294F3C92B14D27C0004DFD8 /* TabBarControllerNode.swift in Sources */ = {isa = PBXBuildFile; fileRef = 5294F3C82B14D27C0004DFD8 /* TabBarControllerNode.swift */; };
		5294F3CB2B14F53B0004DFD8 /* AccountSettingsController.swift in Sources */ = {isa = PBXBuildFile; fileRef = 5294F3CA2B14F53B0004DFD8 /* AccountSettingsController.swift */; };
		5294F3CE2B20C1D40004DFD8 /* TabBarNode.swift in Sources */ = {isa = PBXBuildFile; fileRef = 5294F3CD2B20C1D40004DFD8 /* TabBarNode.swift */; };
		5294F3D32B2360400004DFD8 /* TabCalls.json in Resources */ = {isa = PBXBuildFile; fileRef = 5294F3CF2B2360400004DFD8 /* TabCalls.json */; };
		5294F3D42B2360400004DFD8 /* TabChats.json in Resources */ = {isa = PBXBuildFile; fileRef = 5294F3D02B2360400004DFD8 /* TabChats.json */; };
		5294F3D52B2360400004DFD8 /* TabSettings.json in Resources */ = {isa = PBXBuildFile; fileRef = 5294F3D12B2360400004DFD8 /* TabSettings.json */; };
		5294F3D62B2360400004DFD8 /* TabContacts.json in Resources */ = {isa = PBXBuildFile; fileRef = 5294F3D22B2360400004DFD8 /* TabContacts.json */; };
		52A508912B4AEA2C002E0EF9 /* libbz2.1.0.tbd in Frameworks */ = {isa = PBXBuildFile; fileRef = 52A508902B4AEA2C002E0EF9 /* libbz2.1.0.tbd */; };
		52A508932B4AEA48002E0EF9 /* libiconv.tbd in Frameworks */ = {isa = PBXBuildFile; fileRef = 52A508922B4AEA48002E0EF9 /* libiconv.tbd */; };
		52CDDA602B4C4A7A0008C4D0 /* CountrySelectionController.swift in Sources */ = {isa = PBXBuildFile; fileRef = 52CDDA5F2B4C4A7A0008C4D0 /* CountrySelectionController.swift */; };
		52CDDA622B4C4A8B0008C4D0 /* CountrySelectionControllerNode.swift in Sources */ = {isa = PBXBuildFile; fileRef = 52CDDA612B4C4A8B0008C4D0 /* CountrySelectionControllerNode.swift */; };
		52CDDA642B4C4BB30008C4D0 /* PhoneCountries.txt in Resources */ = {isa = PBXBuildFile; fileRef = 52CDDA632B4C4BB30008C4D0 /* PhoneCountries.txt */; };
		52F2DC412AF3DE16001CAEF0 /* AppDelegate.swift in Sources */ = {isa = PBXBuildFile; fileRef = 52F2DC402AF3DE16001CAEF0 /* AppDelegate.swift */; };
		52F2DC452AF3DE16001CAEF0 /* AuthorizationSequenceController.swift in Sources */ = {isa = PBXBuildFile; fileRef = 52F2DC442AF3DE16001CAEF0 /* AuthorizationSequenceController.swift */; };
		52F2DC4A2AF3DE19001CAEF0 /* Assets.xcassets in Resources */ = {isa = PBXBuildFile; fileRef = 52F2DC492AF3DE19001CAEF0 /* Assets.xcassets */; };
		52F2DC4D2AF3DE19001CAEF0 /* LaunchScreen.storyboard in Resources */ = {isa = PBXBuildFile; fileRef = 52F2DC4B2AF3DE19001CAEF0 /* LaunchScreen.storyboard */; };
		52F2DC582AF3DE19001CAEF0 /* StudyAsynDisplayTests.swift in Sources */ = {isa = PBXBuildFile; fileRef = 52F2DC572AF3DE19001CAEF0 /* StudyAsynDisplayTests.swift */; };
		52F2DC622AF3DE19001CAEF0 /* StudyAsynDisplayUITests.swift in Sources */ = {isa = PBXBuildFile; fileRef = 52F2DC612AF3DE19001CAEF0 /* StudyAsynDisplayUITests.swift */; };
		52F2DC642AF3DE19001CAEF0 /* StudyAsynDisplayUITestsLaunchTests.swift in Sources */ = {isa = PBXBuildFile; fileRef = 52F2DC632AF3DE19001CAEF0 /* StudyAsynDisplayUITestsLaunchTests.swift */; };
		8FA90E6AEE3396C34468E96C /* Pods_StudyAsynDisplayTests.framework in Frameworks */ = {isa = PBXBuildFile; fileRef = C628DE2F638F13CD739721D9 /* Pods_StudyAsynDisplayTests.framework */; };
		B3269B22BE3E49C16B1D9070 /* Pods_StudyAsynDisplay_StudyAsynDisplayUITests.framework in Frameworks */ = {isa = PBXBuildFile; fileRef = 59CBD42DAAE4C62C44268D7D /* Pods_StudyAsynDisplay_StudyAsynDisplayUITests.framework */; };
		E69EE300CB5DAD0BA7DE56F5 /* Pods_StudyAsynDisplay.framework in Frameworks */ = {isa = PBXBuildFile; fileRef = F395AF7D8611B162BC0904E8 /* Pods_StudyAsynDisplay.framework */; };
/* End PBXBuildFile section */

/* Begin PBXContainerItemProxy section */
		52F2DC542AF3DE19001CAEF0 /* PBXContainerItemProxy */ = {
			isa = PBXContainerItemProxy;
			containerPortal = 52F2DC352AF3DE16001CAEF0 /* Project object */;
			proxyType = 1;
			remoteGlobalIDString = 52F2DC3C2AF3DE16001CAEF0;
			remoteInfo = StudyAsynDisplay;
		};
		52F2DC5E2AF3DE19001CAEF0 /* PBXContainerItemProxy */ = {
			isa = PBXContainerItemProxy;
			containerPortal = 52F2DC352AF3DE16001CAEF0 /* Project object */;
			proxyType = 1;
			remoteGlobalIDString = 52F2DC3C2AF3DE16001CAEF0;
			remoteInfo = StudyAsynDisplay;
		};
/* End PBXContainerItemProxy section */

/* Begin PBXFileReference section */
		5294F3A92B0D15740004DFD8 /* AuthorizationSequenceSplashController.swift */ = {isa = PBXFileReference; lastKnownFileType = sourcecode.swift; path = AuthorizationSequenceSplashController.swift; sourceTree = "<group>"; };
		5294F3AC2B0D16150004DFD8 /* RMIntroViewController.swift */ = {isa = PBXFileReference; lastKnownFileType = sourcecode.swift; path = RMIntroViewController.swift; sourceTree = "<group>"; };
		5294F3AE2B0F87070004DFD8 /* StatusBarHost.swift */ = {isa = PBXFileReference; lastKnownFileType = sourcecode.swift; path = StatusBarHost.swift; sourceTree = "<group>"; };
		5294F3B02B0F8C820004DFD8 /* ApplicationContext.swift */ = {isa = PBXFileReference; lastKnownFileType = sourcecode.swift; path = ApplicationContext.swift; sourceTree = "<group>"; };
		5294F3BC2B10F8E70004DFD8 /* en */ = {isa = PBXFileReference; lastKnownFileType = text.plist.strings; name = en; path = en.lproj/Localizable.strings; sourceTree = "<group>"; };
		5294F3BE2B110CFF0004DFD8 /* AuthorizationSequencePhoneEntryController.swift */ = {isa = PBXFileReference; lastKnownFileType = sourcecode.swift; path = AuthorizationSequencePhoneEntryController.swift; sourceTree = "<group>"; };
		5294F3C02B1360630004DFD8 /* AuthorizationSequencePhoneEntryControllerNode.swift */ = {isa = PBXFileReference; lastKnownFileType = sourcecode.swift; path = AuthorizationSequencePhoneEntryControllerNode.swift; sourceTree = "<group>"; };
		5294F3C42B13A6CC0004DFD8 /* TelegramRootController.swift */ = {isa = PBXFileReference; lastKnownFileType = sourcecode.swift; path = TelegramRootController.swift; sourceTree = "<group>"; };
		5294F3C62B13A8010004DFD8 /* TabBarController.swift */ = {isa = PBXFileReference; lastKnownFileType = sourcecode.swift; path = TabBarController.swift; sourceTree = "<group>"; };
		5294F3C82B14D27C0004DFD8 /* TabBarControllerNode.swift */ = {isa = PBXFileReference; lastKnownFileType = sourcecode.swift; path = TabBarControllerNode.swift; sourceTree = "<group>"; };
		5294F3CA2B14F53B0004DFD8 /* AccountSettingsController.swift */ = {isa = PBXFileReference; lastKnownFileType = sourcecode.swift; path = AccountSettingsController.swift; sourceTree = "<group>"; };
		5294F3CD2B20C1D40004DFD8 /* TabBarNode.swift */ = {isa = PBXFileReference; lastKnownFileType = sourcecode.swift; path = TabBarNode.swift; sourceTree = "<group>"; };
		5294F3CF2B2360400004DFD8 /* TabCalls.json */ = {isa = PBXFileReference; fileEncoding = 4; lastKnownFileType = text.json; path = TabCalls.json; sourceTree = "<group>"; };
		5294F3D02B2360400004DFD8 /* TabChats.json */ = {isa = PBXFileReference; fileEncoding = 4; lastKnownFileType = text.json; path = TabChats.json; sourceTree = "<group>"; };
		5294F3D12B2360400004DFD8 /* TabSettings.json */ = {isa = PBXFileReference; fileEncoding = 4; lastKnownFileType = text.json; path = TabSettings.json; sourceTree = "<group>"; };
		5294F3D22B2360400004DFD8 /* TabContacts.json */ = {isa = PBXFileReference; fileEncoding = 4; lastKnownFileType = text.json; path = TabContacts.json; sourceTree = "<group>"; };
		52A508902B4AEA2C002E0EF9 /* libbz2.1.0.tbd */ = {isa = PBXFileReference; lastKnownFileType = "sourcecode.text-based-dylib-definition"; name = libbz2.1.0.tbd; path = usr/lib/libbz2.1.0.tbd; sourceTree = SDKROOT; };
		52A508922B4AEA48002E0EF9 /* libiconv.tbd */ = {isa = PBXFileReference; lastKnownFileType = "sourcecode.text-based-dylib-definition"; name = libiconv.tbd; path = usr/lib/libiconv.tbd; sourceTree = SDKROOT; };
		52BE86362B4AE7F000027EAA /* libbz2.tbd */ = {isa = PBXFileReference; lastKnownFileType = "sourcecode.text-based-dylib-definition"; name = libbz2.tbd; path = usr/lib/libbz2.tbd; sourceTree = SDKROOT; };
		52CDDA5F2B4C4A7A0008C4D0 /* CountrySelectionController.swift */ = {isa = PBXFileReference; lastKnownFileType = sourcecode.swift; path = CountrySelectionController.swift; sourceTree = "<group>"; };
		52CDDA612B4C4A8B0008C4D0 /* CountrySelectionControllerNode.swift */ = {isa = PBXFileReference; lastKnownFileType = sourcecode.swift; path = CountrySelectionControllerNode.swift; sourceTree = "<group>"; };
		52CDDA632B4C4BB30008C4D0 /* PhoneCountries.txt */ = {isa = PBXFileReference; fileEncoding = 4; lastKnownFileType = text; path = PhoneCountries.txt; sourceTree = "<group>"; };
		52F2DC3D2AF3DE16001CAEF0 /* StudyAsynDisplay.app */ = {isa = PBXFileReference; explicitFileType = wrapper.application; includeInIndex = 0; path = StudyAsynDisplay.app; sourceTree = BUILT_PRODUCTS_DIR; };
		52F2DC402AF3DE16001CAEF0 /* AppDelegate.swift */ = {isa = PBXFileReference; lastKnownFileType = sourcecode.swift; path = AppDelegate.swift; sourceTree = "<group>"; };
		52F2DC442AF3DE16001CAEF0 /* AuthorizationSequenceController.swift */ = {isa = PBXFileReference; lastKnownFileType = sourcecode.swift; path = AuthorizationSequenceController.swift; sourceTree = "<group>"; };
		52F2DC492AF3DE19001CAEF0 /* Assets.xcassets */ = {isa = PBXFileReference; lastKnownFileType = folder.assetcatalog; path = Assets.xcassets; sourceTree = "<group>"; };
		52F2DC4C2AF3DE19001CAEF0 /* Base */ = {isa = PBXFileReference; lastKnownFileType = file.storyboard; name = Base; path = Base.lproj/LaunchScreen.storyboard; sourceTree = "<group>"; };
		52F2DC4E2AF3DE19001CAEF0 /* Info.plist */ = {isa = PBXFileReference; lastKnownFileType = text.plist.xml; path = Info.plist; sourceTree = "<group>"; };
		52F2DC532AF3DE19001CAEF0 /* StudyAsynDisplayTests.xctest */ = {isa = PBXFileReference; explicitFileType = wrapper.cfbundle; includeInIndex = 0; path = StudyAsynDisplayTests.xctest; sourceTree = BUILT_PRODUCTS_DIR; };
		52F2DC572AF3DE19001CAEF0 /* StudyAsynDisplayTests.swift */ = {isa = PBXFileReference; lastKnownFileType = sourcecode.swift; path = StudyAsynDisplayTests.swift; sourceTree = "<group>"; };
		52F2DC5D2AF3DE19001CAEF0 /* StudyAsynDisplayUITests.xctest */ = {isa = PBXFileReference; explicitFileType = wrapper.cfbundle; includeInIndex = 0; path = StudyAsynDisplayUITests.xctest; sourceTree = BUILT_PRODUCTS_DIR; };
		52F2DC612AF3DE19001CAEF0 /* StudyAsynDisplayUITests.swift */ = {isa = PBXFileReference; lastKnownFileType = sourcecode.swift; path = StudyAsynDisplayUITests.swift; sourceTree = "<group>"; };
		52F2DC632AF3DE19001CAEF0 /* StudyAsynDisplayUITestsLaunchTests.swift */ = {isa = PBXFileReference; lastKnownFileType = sourcecode.swift; path = StudyAsynDisplayUITestsLaunchTests.swift; sourceTree = "<group>"; };
		59CBD42DAAE4C62C44268D7D /* Pods_StudyAsynDisplay_StudyAsynDisplayUITests.framework */ = {isa = PBXFileReference; explicitFileType = wrapper.framework; includeInIndex = 0; path = Pods_StudyAsynDisplay_StudyAsynDisplayUITests.framework; sourceTree = BUILT_PRODUCTS_DIR; };
		5A6B130A0CCAB3E8899FFDDA /* Pods-StudyAsynDisplay.debug.xcconfig */ = {isa = PBXFileReference; includeInIndex = 1; lastKnownFileType = text.xcconfig; name = "Pods-StudyAsynDisplay.debug.xcconfig"; path = "Target Support Files/Pods-StudyAsynDisplay/Pods-StudyAsynDisplay.debug.xcconfig"; sourceTree = "<group>"; };
		636EBCABD8245F807913B922 /* Pods-StudyAsynDisplay.release.xcconfig */ = {isa = PBXFileReference; includeInIndex = 1; lastKnownFileType = text.xcconfig; name = "Pods-StudyAsynDisplay.release.xcconfig"; path = "Target Support Files/Pods-StudyAsynDisplay/Pods-StudyAsynDisplay.release.xcconfig"; sourceTree = "<group>"; };
		BB9CF94ABB649C153969F2FA /* Pods-StudyAsynDisplay-StudyAsynDisplayUITests.release.xcconfig */ = {isa = PBXFileReference; includeInIndex = 1; lastKnownFileType = text.xcconfig; name = "Pods-StudyAsynDisplay-StudyAsynDisplayUITests.release.xcconfig"; path = "Target Support Files/Pods-StudyAsynDisplay-StudyAsynDisplayUITests/Pods-StudyAsynDisplay-StudyAsynDisplayUITests.release.xcconfig"; sourceTree = "<group>"; };
		C628DE2F638F13CD739721D9 /* Pods_StudyAsynDisplayTests.framework */ = {isa = PBXFileReference; explicitFileType = wrapper.framework; includeInIndex = 0; path = Pods_StudyAsynDisplayTests.framework; sourceTree = BUILT_PRODUCTS_DIR; };
		D0DF03164B1908AD032B2078 /* Pods-StudyAsynDisplay-StudyAsynDisplayUITests.debug.xcconfig */ = {isa = PBXFileReference; includeInIndex = 1; lastKnownFileType = text.xcconfig; name = "Pods-StudyAsynDisplay-StudyAsynDisplayUITests.debug.xcconfig"; path = "Target Support Files/Pods-StudyAsynDisplay-StudyAsynDisplayUITests/Pods-StudyAsynDisplay-StudyAsynDisplayUITests.debug.xcconfig"; sourceTree = "<group>"; };
		DE6FED5F3115A970DDD75737 /* Pods-StudyAsynDisplayTests.release.xcconfig */ = {isa = PBXFileReference; includeInIndex = 1; lastKnownFileType = text.xcconfig; name = "Pods-StudyAsynDisplayTests.release.xcconfig"; path = "Target Support Files/Pods-StudyAsynDisplayTests/Pods-StudyAsynDisplayTests.release.xcconfig"; sourceTree = "<group>"; };
		F0B8C11A1732DFCF6919584D /* Pods-StudyAsynDisplayTests.debug.xcconfig */ = {isa = PBXFileReference; includeInIndex = 1; lastKnownFileType = text.xcconfig; name = "Pods-StudyAsynDisplayTests.debug.xcconfig"; path = "Target Support Files/Pods-StudyAsynDisplayTests/Pods-StudyAsynDisplayTests.debug.xcconfig"; sourceTree = "<group>"; };
		F395AF7D8611B162BC0904E8 /* Pods_StudyAsynDisplay.framework */ = {isa = PBXFileReference; explicitFileType = wrapper.framework; includeInIndex = 0; path = Pods_StudyAsynDisplay.framework; sourceTree = BUILT_PRODUCTS_DIR; };
/* End PBXFileReference section */

/* Begin PBXFrameworksBuildPhase section */
		52F2DC3A2AF3DE16001CAEF0 /* Frameworks */ = {
			isa = PBXFrameworksBuildPhase;
			buildActionMask = 2147483647;
			files = (
				52A508932B4AEA48002E0EF9 /* libiconv.tbd in Frameworks */,
				52A508912B4AEA2C002E0EF9 /* libbz2.1.0.tbd in Frameworks */,
				E69EE300CB5DAD0BA7DE56F5 /* Pods_StudyAsynDisplay.framework in Frameworks */,
			);
			runOnlyForDeploymentPostprocessing = 0;
		};
		52F2DC502AF3DE19001CAEF0 /* Frameworks */ = {
			isa = PBXFrameworksBuildPhase;
			buildActionMask = 2147483647;
			files = (
				8FA90E6AEE3396C34468E96C /* Pods_StudyAsynDisplayTests.framework in Frameworks */,
			);
			runOnlyForDeploymentPostprocessing = 0;
		};
		52F2DC5A2AF3DE19001CAEF0 /* Frameworks */ = {
			isa = PBXFrameworksBuildPhase;
			buildActionMask = 2147483647;
			files = (
				B3269B22BE3E49C16B1D9070 /* Pods_StudyAsynDisplay_StudyAsynDisplayUITests.framework in Frameworks */,
			);
			runOnlyForDeploymentPostprocessing = 0;
		};
/* End PBXFrameworksBuildPhase section */

/* Begin PBXGroup section */
		5294F3AB2B0D15F80004DFD8 /* Sources */ = {
			isa = PBXGroup;
			children = (
				52CDDA5E2B4C4A4A0008C4D0 /* Login */,
				5294F3CC2B20C1A50004DFD8 /* TabBarUI */,
				5294F3C32B13A6B00004DFD8 /* Chat */,
				5294F3AE2B0F87070004DFD8 /* StatusBarHost.swift */,
				5294F3B02B0F8C820004DFD8 /* ApplicationContext.swift */,
				5294F3C22B13A67D0004DFD8 /* Authorization */,
			);
			path = Sources;
			sourceTree = "<group>";
		};
		5294F3B22B10F67E0004DFD8 /* Resource */ = {
			isa = PBXGroup;
			children = (
				52CDDA632B4C4BB30008C4D0 /* PhoneCountries.txt */,
				5294F3BB2B10F8E70004DFD8 /* Localizable.strings */,
				52F2DC492AF3DE19001CAEF0 /* Assets.xcassets */,
				52F2DC4B2AF3DE19001CAEF0 /* LaunchScreen.storyboard */,
			);
			path = Resource;
			sourceTree = "<group>";
		};
		5294F3C22B13A67D0004DFD8 /* Authorization */ = {
			isa = PBXGroup;
			children = (
				52F2DC442AF3DE16001CAEF0 /* AuthorizationSequenceController.swift */,
				5294F3A92B0D15740004DFD8 /* AuthorizationSequenceSplashController.swift */,
				5294F3AC2B0D16150004DFD8 /* RMIntroViewController.swift */,
			);
			path = Authorization;
			sourceTree = "<group>";
		};
		5294F3C32B13A6B00004DFD8 /* Chat */ = {
			isa = PBXGroup;
			children = (
				5294F3CA2B14F53B0004DFD8 /* AccountSettingsController.swift */,
			);
			path = Chat;
			sourceTree = "<group>";
		};
		5294F3CC2B20C1A50004DFD8 /* TabBarUI */ = {
			isa = PBXGroup;
			children = (
				5294F3CF2B2360400004DFD8 /* TabCalls.json */,
				5294F3D02B2360400004DFD8 /* TabChats.json */,
				5294F3D22B2360400004DFD8 /* TabContacts.json */,
				5294F3D12B2360400004DFD8 /* TabSettings.json */,
				5294F3C42B13A6CC0004DFD8 /* TelegramRootController.swift */,
				5294F3C62B13A8010004DFD8 /* TabBarController.swift */,
				5294F3C82B14D27C0004DFD8 /* TabBarControllerNode.swift */,
				5294F3CD2B20C1D40004DFD8 /* TabBarNode.swift */,
			);
			path = TabBarUI;
			sourceTree = "<group>";
		};
		52CDDA5E2B4C4A4A0008C4D0 /* Login */ = {
			isa = PBXGroup;
			children = (
				5294F3BE2B110CFF0004DFD8 /* AuthorizationSequencePhoneEntryController.swift */,
				5294F3C02B1360630004DFD8 /* AuthorizationSequencePhoneEntryControllerNode.swift */,
				52CDDA5F2B4C4A7A0008C4D0 /* CountrySelectionController.swift */,
				52CDDA612B4C4A8B0008C4D0 /* CountrySelectionControllerNode.swift */,
			);
			path = Login;
			sourceTree = "<group>";
		};
		52F2DC342AF3DE16001CAEF0 = {
			isa = PBXGroup;
			children = (
				52F2DC3F2AF3DE16001CAEF0 /* StudyAsynDisplay */,
				52F2DC562AF3DE19001CAEF0 /* StudyAsynDisplayTests */,
				52F2DC602AF3DE19001CAEF0 /* StudyAsynDisplayUITests */,
				52F2DC3E2AF3DE16001CAEF0 /* Products */,
				6190E7F94A5763F91A993650 /* Pods */,
				D227A9869B1F6B060F1ACD02 /* Frameworks */,
			);
			sourceTree = "<group>";
		};
		52F2DC3E2AF3DE16001CAEF0 /* Products */ = {
			isa = PBXGroup;
			children = (
				52F2DC3D2AF3DE16001CAEF0 /* StudyAsynDisplay.app */,
				52F2DC532AF3DE19001CAEF0 /* StudyAsynDisplayTests.xctest */,
				52F2DC5D2AF3DE19001CAEF0 /* StudyAsynDisplayUITests.xctest */,
			);
			name = Products;
			sourceTree = "<group>";
		};
		52F2DC3F2AF3DE16001CAEF0 /* StudyAsynDisplay */ = {
			isa = PBXGroup;
			children = (
				5294F3AB2B0D15F80004DFD8 /* Sources */,
				5294F3B22B10F67E0004DFD8 /* Resource */,
				52F2DC402AF3DE16001CAEF0 /* AppDelegate.swift */,
				52F2DC4E2AF3DE19001CAEF0 /* Info.plist */,
			);
			path = StudyAsynDisplay;
			sourceTree = "<group>";
		};
		52F2DC562AF3DE19001CAEF0 /* StudyAsynDisplayTests */ = {
			isa = PBXGroup;
			children = (
				52F2DC572AF3DE19001CAEF0 /* StudyAsynDisplayTests.swift */,
			);
			path = StudyAsynDisplayTests;
			sourceTree = "<group>";
		};
		52F2DC602AF3DE19001CAEF0 /* StudyAsynDisplayUITests */ = {
			isa = PBXGroup;
			children = (
				52F2DC612AF3DE19001CAEF0 /* StudyAsynDisplayUITests.swift */,
				52F2DC632AF3DE19001CAEF0 /* StudyAsynDisplayUITestsLaunchTests.swift */,
			);
			path = StudyAsynDisplayUITests;
			sourceTree = "<group>";
		};
		6190E7F94A5763F91A993650 /* Pods */ = {
			isa = PBXGroup;
			children = (
				5A6B130A0CCAB3E8899FFDDA /* Pods-StudyAsynDisplay.debug.xcconfig */,
				636EBCABD8245F807913B922 /* Pods-StudyAsynDisplay.release.xcconfig */,
				D0DF03164B1908AD032B2078 /* Pods-StudyAsynDisplay-StudyAsynDisplayUITests.debug.xcconfig */,
				BB9CF94ABB649C153969F2FA /* Pods-StudyAsynDisplay-StudyAsynDisplayUITests.release.xcconfig */,
				F0B8C11A1732DFCF6919584D /* Pods-StudyAsynDisplayTests.debug.xcconfig */,
				DE6FED5F3115A970DDD75737 /* Pods-StudyAsynDisplayTests.release.xcconfig */,
			);
			path = Pods;
			sourceTree = "<group>";
		};
		D227A9869B1F6B060F1ACD02 /* Frameworks */ = {
			isa = PBXGroup;
			children = (
				52A508922B4AEA48002E0EF9 /* libiconv.tbd */,
				52A508902B4AEA2C002E0EF9 /* libbz2.1.0.tbd */,
				52BE86362B4AE7F000027EAA /* libbz2.tbd */,
				F395AF7D8611B162BC0904E8 /* Pods_StudyAsynDisplay.framework */,
				59CBD42DAAE4C62C44268D7D /* Pods_StudyAsynDisplay_StudyAsynDisplayUITests.framework */,
				C628DE2F638F13CD739721D9 /* Pods_StudyAsynDisplayTests.framework */,
			);
			name = Frameworks;
			sourceTree = "<group>";
		};
/* End PBXGroup section */

/* Begin PBXNativeTarget section */
		52F2DC3C2AF3DE16001CAEF0 /* StudyAsynDisplay */ = {
			isa = PBXNativeTarget;
			buildConfigurationList = 52F2DC672AF3DE19001CAEF0 /* Build configuration list for PBXNativeTarget "StudyAsynDisplay" */;
			buildPhases = (
				0E1A7B1AEB49A72750D35C9B /* [CP] Check Pods Manifest.lock */,
				52F2DC392AF3DE16001CAEF0 /* Sources */,
				52F2DC3A2AF3DE16001CAEF0 /* Frameworks */,
				52F2DC3B2AF3DE16001CAEF0 /* Resources */,
				DA50768E25CA4EC2C390003E /* [CP] Embed Pods Frameworks */,
			);
			buildRules = (
			);
			dependencies = (
			);
			name = StudyAsynDisplay;
			productName = StudyAsynDisplay;
			productReference = 52F2DC3D2AF3DE16001CAEF0 /* StudyAsynDisplay.app */;
			productType = "com.apple.product-type.application";
		};
		52F2DC522AF3DE19001CAEF0 /* StudyAsynDisplayTests */ = {
			isa = PBXNativeTarget;
			buildConfigurationList = 52F2DC6A2AF3DE19001CAEF0 /* Build configuration list for PBXNativeTarget "StudyAsynDisplayTests" */;
			buildPhases = (
				F74538A6F3517042CF07327E /* [CP] Check Pods Manifest.lock */,
				52F2DC4F2AF3DE19001CAEF0 /* Sources */,
				52F2DC502AF3DE19001CAEF0 /* Frameworks */,
				52F2DC512AF3DE19001CAEF0 /* Resources */,
			);
			buildRules = (
			);
			dependencies = (
				52F2DC552AF3DE19001CAEF0 /* PBXTargetDependency */,
			);
			name = StudyAsynDisplayTests;
			productName = StudyAsynDisplayTests;
			productReference = 52F2DC532AF3DE19001CAEF0 /* StudyAsynDisplayTests.xctest */;
			productType = "com.apple.product-type.bundle.unit-test";
		};
		52F2DC5C2AF3DE19001CAEF0 /* StudyAsynDisplayUITests */ = {
			isa = PBXNativeTarget;
			buildConfigurationList = 52F2DC6D2AF3DE19001CAEF0 /* Build configuration list for PBXNativeTarget "StudyAsynDisplayUITests" */;
			buildPhases = (
				D3B6D98ED4D9CCAD67545973 /* [CP] Check Pods Manifest.lock */,
				52F2DC592AF3DE19001CAEF0 /* Sources */,
				52F2DC5A2AF3DE19001CAEF0 /* Frameworks */,
				52F2DC5B2AF3DE19001CAEF0 /* Resources */,
				433FB6978520E207E0A1EF0A /* [CP] Embed Pods Frameworks */,
			);
			buildRules = (
			);
			dependencies = (
				52F2DC5F2AF3DE19001CAEF0 /* PBXTargetDependency */,
			);
			name = StudyAsynDisplayUITests;
			productName = StudyAsynDisplayUITests;
			productReference = 52F2DC5D2AF3DE19001CAEF0 /* StudyAsynDisplayUITests.xctest */;
			productType = "com.apple.product-type.bundle.ui-testing";
		};
/* End PBXNativeTarget section */

/* Begin PBXProject section */
		52F2DC352AF3DE16001CAEF0 /* Project object */ = {
			isa = PBXProject;
			attributes = {
				BuildIndependentTargetsInParallel = 1;
				LastSwiftUpdateCheck = 1500;
				LastUpgradeCheck = 1500;
				TargetAttributes = {
					52F2DC3C2AF3DE16001CAEF0 = {
						CreatedOnToolsVersion = 15.0.1;
					};
					52F2DC522AF3DE19001CAEF0 = {
						CreatedOnToolsVersion = 15.0.1;
						TestTargetID = 52F2DC3C2AF3DE16001CAEF0;
					};
					52F2DC5C2AF3DE19001CAEF0 = {
						CreatedOnToolsVersion = 15.0.1;
						TestTargetID = 52F2DC3C2AF3DE16001CAEF0;
					};
				};
			};
			buildConfigurationList = 52F2DC382AF3DE16001CAEF0 /* Build configuration list for PBXProject "StudyAsynDisplay" */;
			compatibilityVersion = "Xcode 13.0";
			developmentRegion = en;
			hasScannedForEncodings = 0;
			knownRegions = (
				en,
				Base,
			);
			mainGroup = 52F2DC342AF3DE16001CAEF0;
			productRefGroup = 52F2DC3E2AF3DE16001CAEF0 /* Products */;
			projectDirPath = "";
			projectRoot = "";
			targets = (
				52F2DC3C2AF3DE16001CAEF0 /* StudyAsynDisplay */,
				52F2DC522AF3DE19001CAEF0 /* StudyAsynDisplayTests */,
				52F2DC5C2AF3DE19001CAEF0 /* StudyAsynDisplayUITests */,
			);
		};
/* End PBXProject section */

/* Begin PBXResourcesBuildPhase section */
		52F2DC3B2AF3DE16001CAEF0 /* Resources */ = {
			isa = PBXResourcesBuildPhase;
			buildActionMask = 2147483647;
			files = (
				52F2DC4D2AF3DE19001CAEF0 /* LaunchScreen.storyboard in Resources */,
				5294F3BD2B10F8E70004DFD8 /* Localizable.strings in Resources */,
				5294F3D52B2360400004DFD8 /* TabSettings.json in Resources */,
				5294F3D42B2360400004DFD8 /* TabChats.json in Resources */,
				52F2DC4A2AF3DE19001CAEF0 /* Assets.xcassets in Resources */,
				5294F3D62B2360400004DFD8 /* TabContacts.json in Resources */,
				52CDDA642B4C4BB30008C4D0 /* PhoneCountries.txt in Resources */,
				5294F3D32B2360400004DFD8 /* TabCalls.json in Resources */,
			);
			runOnlyForDeploymentPostprocessing = 0;
		};
		52F2DC512AF3DE19001CAEF0 /* Resources */ = {
			isa = PBXResourcesBuildPhase;
			buildActionMask = 2147483647;
			files = (
			);
			runOnlyForDeploymentPostprocessing = 0;
		};
		52F2DC5B2AF3DE19001CAEF0 /* Resources */ = {
			isa = PBXResourcesBuildPhase;
			buildActionMask = 2147483647;
			files = (
			);
			runOnlyForDeploymentPostprocessing = 0;
		};
/* End PBXResourcesBuildPhase section */

/* Begin PBXShellScriptBuildPhase section */
		0E1A7B1AEB49A72750D35C9B /* [CP] Check Pods Manifest.lock */ = {
			isa = PBXShellScriptBuildPhase;
			buildActionMask = 2147483647;
			files = (
			);
			inputFileListPaths = (
			);
			inputPaths = (
				"${PODS_PODFILE_DIR_PATH}/Podfile.lock",
				"${PODS_ROOT}/Manifest.lock",
			);
			name = "[CP] Check Pods Manifest.lock";
			outputFileListPaths = (
			);
			outputPaths = (
				"$(DERIVED_FILE_DIR)/Pods-StudyAsynDisplay-checkManifestLockResult.txt",
			);
			runOnlyForDeploymentPostprocessing = 0;
			shellPath = /bin/sh;
			shellScript = "diff \"${PODS_PODFILE_DIR_PATH}/Podfile.lock\" \"${PODS_ROOT}/Manifest.lock\" > /dev/null\nif [ $? != 0 ] ; then\n    # print error to STDERR\n    echo \"error: The sandbox is not in sync with the Podfile.lock. Run 'pod install' or update your CocoaPods installation.\" >&2\n    exit 1\nfi\n# This output is used by Xcode 'outputs' to avoid re-running this script phase.\necho \"SUCCESS\" > \"${SCRIPT_OUTPUT_FILE_0}\"\n";
			showEnvVarsInLog = 0;
		};
		433FB6978520E207E0A1EF0A /* [CP] Embed Pods Frameworks */ = {
			isa = PBXShellScriptBuildPhase;
			buildActionMask = 2147483647;
			files = (
			);
			inputFileListPaths = (
				"${PODS_ROOT}/Target Support Files/Pods-StudyAsynDisplay-StudyAsynDisplayUITests/Pods-StudyAsynDisplay-StudyAsynDisplayUITests-frameworks-${CONFIGURATION}-input-files.xcfilelist",
			);
			name = "[CP] Embed Pods Frameworks";
			outputFileListPaths = (
				"${PODS_ROOT}/Target Support Files/Pods-StudyAsynDisplay-StudyAsynDisplayUITests/Pods-StudyAsynDisplay-StudyAsynDisplayUITests-frameworks-${CONFIGURATION}-output-files.xcfilelist",
			);
			runOnlyForDeploymentPostprocessing = 0;
			shellPath = /bin/sh;
			shellScript = "\"${PODS_ROOT}/Target Support Files/Pods-StudyAsynDisplay-StudyAsynDisplayUITests/Pods-StudyAsynDisplay-StudyAsynDisplayUITests-frameworks.sh\"\n";
			showEnvVarsInLog = 0;
		};
		D3B6D98ED4D9CCAD67545973 /* [CP] Check Pods Manifest.lock */ = {
			isa = PBXShellScriptBuildPhase;
			buildActionMask = 2147483647;
			files = (
			);
			inputFileListPaths = (
			);
			inputPaths = (
				"${PODS_PODFILE_DIR_PATH}/Podfile.lock",
				"${PODS_ROOT}/Manifest.lock",
			);
			name = "[CP] Check Pods Manifest.lock";
			outputFileListPaths = (
			);
			outputPaths = (
				"$(DERIVED_FILE_DIR)/Pods-StudyAsynDisplay-StudyAsynDisplayUITests-checkManifestLockResult.txt",
			);
			runOnlyForDeploymentPostprocessing = 0;
			shellPath = /bin/sh;
			shellScript = "diff \"${PODS_PODFILE_DIR_PATH}/Podfile.lock\" \"${PODS_ROOT}/Manifest.lock\" > /dev/null\nif [ $? != 0 ] ; then\n    # print error to STDERR\n    echo \"error: The sandbox is not in sync with the Podfile.lock. Run 'pod install' or update your CocoaPods installation.\" >&2\n    exit 1\nfi\n# This output is used by Xcode 'outputs' to avoid re-running this script phase.\necho \"SUCCESS\" > \"${SCRIPT_OUTPUT_FILE_0}\"\n";
			showEnvVarsInLog = 0;
		};
		DA50768E25CA4EC2C390003E /* [CP] Embed Pods Frameworks */ = {
			isa = PBXShellScriptBuildPhase;
			buildActionMask = 2147483647;
			files = (
			);
			inputFileListPaths = (
				"${PODS_ROOT}/Target Support Files/Pods-StudyAsynDisplay/Pods-StudyAsynDisplay-frameworks-${CONFIGURATION}-input-files.xcfilelist",
			);
			name = "[CP] Embed Pods Frameworks";
			outputFileListPaths = (
				"${PODS_ROOT}/Target Support Files/Pods-StudyAsynDisplay/Pods-StudyAsynDisplay-frameworks-${CONFIGURATION}-output-files.xcfilelist",
			);
			runOnlyForDeploymentPostprocessing = 0;
			shellPath = /bin/sh;
			shellScript = "\"${PODS_ROOT}/Target Support Files/Pods-StudyAsynDisplay/Pods-StudyAsynDisplay-frameworks.sh\"\n";
			showEnvVarsInLog = 0;
		};
		F74538A6F3517042CF07327E /* [CP] Check Pods Manifest.lock */ = {
			isa = PBXShellScriptBuildPhase;
			buildActionMask = 2147483647;
			files = (
			);
			inputFileListPaths = (
			);
			inputPaths = (
				"${PODS_PODFILE_DIR_PATH}/Podfile.lock",
				"${PODS_ROOT}/Manifest.lock",
			);
			name = "[CP] Check Pods Manifest.lock";
			outputFileListPaths = (
			);
			outputPaths = (
				"$(DERIVED_FILE_DIR)/Pods-StudyAsynDisplayTests-checkManifestLockResult.txt",
			);
			runOnlyForDeploymentPostprocessing = 0;
			shellPath = /bin/sh;
			shellScript = "diff \"${PODS_PODFILE_DIR_PATH}/Podfile.lock\" \"${PODS_ROOT}/Manifest.lock\" > /dev/null\nif [ $? != 0 ] ; then\n    # print error to STDERR\n    echo \"error: The sandbox is not in sync with the Podfile.lock. Run 'pod install' or update your CocoaPods installation.\" >&2\n    exit 1\nfi\n# This output is used by Xcode 'outputs' to avoid re-running this script phase.\necho \"SUCCESS\" > \"${SCRIPT_OUTPUT_FILE_0}\"\n";
			showEnvVarsInLog = 0;
		};
/* End PBXShellScriptBuildPhase section */

/* Begin PBXSourcesBuildPhase section */
		52F2DC392AF3DE16001CAEF0 /* Sources */ = {
			isa = PBXSourcesBuildPhase;
			buildActionMask = 2147483647;
			files = (
				5294F3CB2B14F53B0004DFD8 /* AccountSettingsController.swift in Sources */,
				5294F3AF2B0F87070004DFD8 /* StatusBarHost.swift in Sources */,
				5294F3B12B0F8C820004DFD8 /* ApplicationContext.swift in Sources */,
				5294F3C52B13A6CC0004DFD8 /* TelegramRootController.swift in Sources */,
				5294F3BF2B110CFF0004DFD8 /* AuthorizationSequencePhoneEntryController.swift in Sources */,
				5294F3CE2B20C1D40004DFD8 /* TabBarNode.swift in Sources */,
				52F2DC452AF3DE16001CAEF0 /* AuthorizationSequenceController.swift in Sources */,
				5294F3C72B13A8010004DFD8 /* TabBarController.swift in Sources */,
				5294F3C92B14D27C0004DFD8 /* TabBarControllerNode.swift in Sources */,
				52CDDA622B4C4A8B0008C4D0 /* CountrySelectionControllerNode.swift in Sources */,
				52F2DC412AF3DE16001CAEF0 /* AppDelegate.swift in Sources */,
				52CDDA602B4C4A7A0008C4D0 /* CountrySelectionController.swift in Sources */,
				5294F3AA2B0D15740004DFD8 /* AuthorizationSequenceSplashController.swift in Sources */,
				5294F3C12B1360630004DFD8 /* AuthorizationSequencePhoneEntryControllerNode.swift in Sources */,
				5294F3AD2B0D16150004DFD8 /* RMIntroViewController.swift in Sources */,
			);
			runOnlyForDeploymentPostprocessing = 0;
		};
		52F2DC4F2AF3DE19001CAEF0 /* Sources */ = {
			isa = PBXSourcesBuildPhase;
			buildActionMask = 2147483647;
			files = (
				52F2DC582AF3DE19001CAEF0 /* StudyAsynDisplayTests.swift in Sources */,
			);
			runOnlyForDeploymentPostprocessing = 0;
		};
		52F2DC592AF3DE19001CAEF0 /* Sources */ = {
			isa = PBXSourcesBuildPhase;
			buildActionMask = 2147483647;
			files = (
				52F2DC642AF3DE19001CAEF0 /* StudyAsynDisplayUITestsLaunchTests.swift in Sources */,
				52F2DC622AF3DE19001CAEF0 /* StudyAsynDisplayUITests.swift in Sources */,
			);
			runOnlyForDeploymentPostprocessing = 0;
		};
/* End PBXSourcesBuildPhase section */

/* Begin PBXTargetDependency section */
		52F2DC552AF3DE19001CAEF0 /* PBXTargetDependency */ = {
			isa = PBXTargetDependency;
			target = 52F2DC3C2AF3DE16001CAEF0 /* StudyAsynDisplay */;
			targetProxy = 52F2DC542AF3DE19001CAEF0 /* PBXContainerItemProxy */;
		};
		52F2DC5F2AF3DE19001CAEF0 /* PBXTargetDependency */ = {
			isa = PBXTargetDependency;
			target = 52F2DC3C2AF3DE16001CAEF0 /* StudyAsynDisplay */;
			targetProxy = 52F2DC5E2AF3DE19001CAEF0 /* PBXContainerItemProxy */;
		};
/* End PBXTargetDependency section */

/* Begin PBXVariantGroup section */
		5294F3BB2B10F8E70004DFD8 /* Localizable.strings */ = {
			isa = PBXVariantGroup;
			children = (
				5294F3BC2B10F8E70004DFD8 /* en */,
			);
			name = Localizable.strings;
			sourceTree = "<group>";
		};
		52F2DC4B2AF3DE19001CAEF0 /* LaunchScreen.storyboard */ = {
			isa = PBXVariantGroup;
			children = (
				52F2DC4C2AF3DE19001CAEF0 /* Base */,
			);
			name = LaunchScreen.storyboard;
			sourceTree = "<group>";
		};
/* End PBXVariantGroup section */

/* Begin XCBuildConfiguration section */
		52F2DC652AF3DE19001CAEF0 /* Debug */ = {
			isa = XCBuildConfiguration;
			buildSettings = {
				ALWAYS_SEARCH_USER_PATHS = NO;
				ASSETCATALOG_COMPILER_GENERATE_SWIFT_ASSET_SYMBOL_EXTENSIONS = YES;
				CLANG_ANALYZER_NONNULL = YES;
				CLANG_ANALYZER_NUMBER_OBJECT_CONVERSION = YES_AGGRESSIVE;
				CLANG_CXX_LANGUAGE_STANDARD = "gnu++20";
				CLANG_ENABLE_MODULES = YES;
				CLANG_ENABLE_OBJC_ARC = YES;
				CLANG_ENABLE_OBJC_WEAK = YES;
				CLANG_WARN_BLOCK_CAPTURE_AUTORELEASING = YES;
				CLANG_WARN_BOOL_CONVERSION = YES;
				CLANG_WARN_COMMA = YES;
				CLANG_WARN_CONSTANT_CONVERSION = YES;
				CLANG_WARN_DEPRECATED_OBJC_IMPLEMENTATIONS = YES;
				CLANG_WARN_DIRECT_OBJC_ISA_USAGE = YES_ERROR;
				CLANG_WARN_DOCUMENTATION_COMMENTS = YES;
				CLANG_WARN_EMPTY_BODY = YES;
				CLANG_WARN_ENUM_CONVERSION = YES;
				CLANG_WARN_INFINITE_RECURSION = YES;
				CLANG_WARN_INT_CONVERSION = YES;
				CLANG_WARN_NON_LITERAL_NULL_CONVERSION = YES;
				CLANG_WARN_OBJC_IMPLICIT_RETAIN_SELF = YES;
				CLANG_WARN_OBJC_LITERAL_CONVERSION = YES;
				CLANG_WARN_OBJC_ROOT_CLASS = YES_ERROR;
				CLANG_WARN_QUOTED_INCLUDE_IN_FRAMEWORK_HEADER = YES;
				CLANG_WARN_RANGE_LOOP_ANALYSIS = YES;
				CLANG_WARN_STRICT_PROTOTYPES = YES;
				CLANG_WARN_SUSPICIOUS_MOVE = YES;
				CLANG_WARN_UNGUARDED_AVAILABILITY = YES_AGGRESSIVE;
				CLANG_WARN_UNREACHABLE_CODE = YES;
				CLANG_WARN__DUPLICATE_METHOD_MATCH = YES;
				COPY_PHASE_STRIP = NO;
				DEBUG_INFORMATION_FORMAT = dwarf;
				ENABLE_STRICT_OBJC_MSGSEND = YES;
				ENABLE_TESTABILITY = YES;
				ENABLE_USER_SCRIPT_SANDBOXING = YES;
				GCC_C_LANGUAGE_STANDARD = gnu17;
				GCC_DYNAMIC_NO_PIC = NO;
				GCC_NO_COMMON_BLOCKS = YES;
				GCC_OPTIMIZATION_LEVEL = 0;
				GCC_PREPROCESSOR_DEFINITIONS = (
					"DEBUG=1",
					"$(inherited)",
				);
				GCC_WARN_64_TO_32_BIT_CONVERSION = YES;
				GCC_WARN_ABOUT_RETURN_TYPE = YES_ERROR;
				GCC_WARN_UNDECLARED_SELECTOR = YES;
				GCC_WARN_UNINITIALIZED_AUTOS = YES_AGGRESSIVE;
				GCC_WARN_UNUSED_FUNCTION = YES;
				GCC_WARN_UNUSED_VARIABLE = YES;
				IPHONEOS_DEPLOYMENT_TARGET = 17.0;
				LOCALIZATION_PREFERS_STRING_CATALOGS = YES;
				MTL_ENABLE_DEBUG_INFO = INCLUDE_SOURCE;
				MTL_FAST_MATH = YES;
				ONLY_ACTIVE_ARCH = YES;
				SDKROOT = iphoneos;
				SWIFT_ACTIVE_COMPILATION_CONDITIONS = "DEBUG $(inherited)";
				SWIFT_OPTIMIZATION_LEVEL = "-Onone";
			};
			name = Debug;
		};
		52F2DC662AF3DE19001CAEF0 /* Release */ = {
			isa = XCBuildConfiguration;
			buildSettings = {
				ALWAYS_SEARCH_USER_PATHS = NO;
				ASSETCATALOG_COMPILER_GENERATE_SWIFT_ASSET_SYMBOL_EXTENSIONS = YES;
				CLANG_ANALYZER_NONNULL = YES;
				CLANG_ANALYZER_NUMBER_OBJECT_CONVERSION = YES_AGGRESSIVE;
				CLANG_CXX_LANGUAGE_STANDARD = "gnu++20";
				CLANG_ENABLE_MODULES = YES;
				CLANG_ENABLE_OBJC_ARC = YES;
				CLANG_ENABLE_OBJC_WEAK = YES;
				CLANG_WARN_BLOCK_CAPTURE_AUTORELEASING = YES;
				CLANG_WARN_BOOL_CONVERSION = YES;
				CLANG_WARN_COMMA = YES;
				CLANG_WARN_CONSTANT_CONVERSION = YES;
				CLANG_WARN_DEPRECATED_OBJC_IMPLEMENTATIONS = YES;
				CLANG_WARN_DIRECT_OBJC_ISA_USAGE = YES_ERROR;
				CLANG_WARN_DOCUMENTATION_COMMENTS = YES;
				CLANG_WARN_EMPTY_BODY = YES;
				CLANG_WARN_ENUM_CONVERSION = YES;
				CLANG_WARN_INFINITE_RECURSION = YES;
				CLANG_WARN_INT_CONVERSION = YES;
				CLANG_WARN_NON_LITERAL_NULL_CONVERSION = YES;
				CLANG_WARN_OBJC_IMPLICIT_RETAIN_SELF = YES;
				CLANG_WARN_OBJC_LITERAL_CONVERSION = YES;
				CLANG_WARN_OBJC_ROOT_CLASS = YES_ERROR;
				CLANG_WARN_QUOTED_INCLUDE_IN_FRAMEWORK_HEADER = YES;
				CLANG_WARN_RANGE_LOOP_ANALYSIS = YES;
				CLANG_WARN_STRICT_PROTOTYPES = YES;
				CLANG_WARN_SUSPICIOUS_MOVE = YES;
				CLANG_WARN_UNGUARDED_AVAILABILITY = YES_AGGRESSIVE;
				CLANG_WARN_UNREACHABLE_CODE = YES;
				CLANG_WARN__DUPLICATE_METHOD_MATCH = YES;
				COPY_PHASE_STRIP = NO;
				DEBUG_INFORMATION_FORMAT = "dwarf-with-dsym";
				ENABLE_NS_ASSERTIONS = NO;
				ENABLE_STRICT_OBJC_MSGSEND = YES;
				ENABLE_USER_SCRIPT_SANDBOXING = YES;
				GCC_C_LANGUAGE_STANDARD = gnu17;
				GCC_NO_COMMON_BLOCKS = YES;
				GCC_WARN_64_TO_32_BIT_CONVERSION = YES;
				GCC_WARN_ABOUT_RETURN_TYPE = YES_ERROR;
				GCC_WARN_UNDECLARED_SELECTOR = YES;
				GCC_WARN_UNINITIALIZED_AUTOS = YES_AGGRESSIVE;
				GCC_WARN_UNUSED_FUNCTION = YES;
				GCC_WARN_UNUSED_VARIABLE = YES;
				IPHONEOS_DEPLOYMENT_TARGET = 17.0;
				LOCALIZATION_PREFERS_STRING_CATALOGS = YES;
				MTL_ENABLE_DEBUG_INFO = NO;
				MTL_FAST_MATH = YES;
				SDKROOT = iphoneos;
				SWIFT_COMPILATION_MODE = wholemodule;
				VALIDATE_PRODUCT = YES;
			};
			name = Release;
		};
		52F2DC682AF3DE19001CAEF0 /* Debug */ = {
			isa = XCBuildConfiguration;
			baseConfigurationReference = 5A6B130A0CCAB3E8899FFDDA /* Pods-StudyAsynDisplay.debug.xcconfig */;
			buildSettings = {
				ASSETCATALOG_COMPILER_APPICON_NAME = AppIcon;
				ASSETCATALOG_COMPILER_GLOBAL_ACCENT_COLOR_NAME = AccentColor;
				CODE_SIGN_STYLE = Automatic;
				CURRENT_PROJECT_VERSION = 1;
				ENABLE_USER_SCRIPT_SANDBOXING = NO;
				GENERATE_INFOPLIST_FILE = YES;
				INFOPLIST_FILE = StudyAsynDisplay/Info.plist;
				INFOPLIST_KEY_UIApplicationSupportsIndirectInputEvents = YES;
				INFOPLIST_KEY_UILaunchStoryboardName = LaunchScreen;
				INFOPLIST_KEY_UISupportedInterfaceOrientations_iPad = "UIInterfaceOrientationPortrait UIInterfaceOrientationPortraitUpsideDown UIInterfaceOrientationLandscapeLeft UIInterfaceOrientationLandscapeRight";
				INFOPLIST_KEY_UISupportedInterfaceOrientations_iPhone = "UIInterfaceOrientationPortrait UIInterfaceOrientationLandscapeLeft UIInterfaceOrientationLandscapeRight";
				IPHONEOS_DEPLOYMENT_TARGET = 12.0;
				LD_RUNPATH_SEARCH_PATHS = (
					"$(inherited)",
					"@executable_path/Frameworks",
				);
				MARKETING_VERSION = 1.0;
				PRODUCT_BUNDLE_IDENTIFIER = com.study.sysModel.StudyAsynDisplay;
				PRODUCT_NAME = "$(TARGET_NAME)";
				SWIFT_EMIT_LOC_STRINGS = YES;
				SWIFT_VERSION = 5.0;
				TARGETED_DEVICE_FAMILY = "1,2";
			};
			name = Debug;
		};
		52F2DC692AF3DE19001CAEF0 /* Release */ = {
			isa = XCBuildConfiguration;
			baseConfigurationReference = 636EBCABD8245F807913B922 /* Pods-StudyAsynDisplay.release.xcconfig */;
			buildSettings = {
				ASSETCATALOG_COMPILER_APPICON_NAME = AppIcon;
				ASSETCATALOG_COMPILER_GLOBAL_ACCENT_COLOR_NAME = AccentColor;
				CODE_SIGN_STYLE = Automatic;
				CURRENT_PROJECT_VERSION = 1;
				ENABLE_USER_SCRIPT_SANDBOXING = NO;
				GENERATE_INFOPLIST_FILE = YES;
				INFOPLIST_FILE = StudyAsynDisplay/Info.plist;
				INFOPLIST_KEY_UIApplicationSupportsIndirectInputEvents = YES;
				INFOPLIST_KEY_UILaunchStoryboardName = LaunchScreen;
				INFOPLIST_KEY_UISupportedInterfaceOrientations_iPad = "UIInterfaceOrientationPortrait UIInterfaceOrientationPortraitUpsideDown UIInterfaceOrientationLandscapeLeft UIInterfaceOrientationLandscapeRight";
				INFOPLIST_KEY_UISupportedInterfaceOrientations_iPhone = "UIInterfaceOrientationPortrait UIInterfaceOrientationLandscapeLeft UIInterfaceOrientationLandscapeRight";
				IPHONEOS_DEPLOYMENT_TARGET = 12.0;
				LD_RUNPATH_SEARCH_PATHS = (
					"$(inherited)",
					"@executable_path/Frameworks",
				);
				MARKETING_VERSION = 1.0;
				PRODUCT_BUNDLE_IDENTIFIER = com.study.sysModel.StudyAsynDisplay;
				PRODUCT_NAME = "$(TARGET_NAME)";
				SWIFT_EMIT_LOC_STRINGS = YES;
				SWIFT_VERSION = 5.0;
				TARGETED_DEVICE_FAMILY = "1,2";
			};
			name = Release;
		};
		52F2DC6B2AF3DE19001CAEF0 /* Debug */ = {
			isa = XCBuildConfiguration;
			baseConfigurationReference = F0B8C11A1732DFCF6919584D /* Pods-StudyAsynDisplayTests.debug.xcconfig */;
			buildSettings = {
				ALWAYS_EMBED_SWIFT_STANDARD_LIBRARIES = YES;
				BUNDLE_LOADER = "$(TEST_HOST)";
				CODE_SIGN_STYLE = Automatic;
				CURRENT_PROJECT_VERSION = 1;
				GENERATE_INFOPLIST_FILE = YES;
				IPHONEOS_DEPLOYMENT_TARGET = 17.0;
				MARKETING_VERSION = 1.0;
				PRODUCT_BUNDLE_IDENTIFIER = com.study.sysModel.StudyAsynDisplayTests;
				PRODUCT_NAME = "$(TARGET_NAME)";
				SWIFT_EMIT_LOC_STRINGS = NO;
				SWIFT_VERSION = 5.0;
				TARGETED_DEVICE_FAMILY = "1,2";
				TEST_HOST = "$(BUILT_PRODUCTS_DIR)/StudyAsynDisplay.app/$(BUNDLE_EXECUTABLE_FOLDER_PATH)/StudyAsynDisplay";
			};
			name = Debug;
		};
		52F2DC6C2AF3DE19001CAEF0 /* Release */ = {
			isa = XCBuildConfiguration;
			baseConfigurationReference = DE6FED5F3115A970DDD75737 /* Pods-StudyAsynDisplayTests.release.xcconfig */;
			buildSettings = {
				ALWAYS_EMBED_SWIFT_STANDARD_LIBRARIES = YES;
				BUNDLE_LOADER = "$(TEST_HOST)";
				CODE_SIGN_STYLE = Automatic;
				CURRENT_PROJECT_VERSION = 1;
				GENERATE_INFOPLIST_FILE = YES;
				IPHONEOS_DEPLOYMENT_TARGET = 17.0;
				MARKETING_VERSION = 1.0;
				PRODUCT_BUNDLE_IDENTIFIER = com.study.sysModel.StudyAsynDisplayTests;
				PRODUCT_NAME = "$(TARGET_NAME)";
				SWIFT_EMIT_LOC_STRINGS = NO;
				SWIFT_VERSION = 5.0;
				TARGETED_DEVICE_FAMILY = "1,2";
				TEST_HOST = "$(BUILT_PRODUCTS_DIR)/StudyAsynDisplay.app/$(BUNDLE_EXECUTABLE_FOLDER_PATH)/StudyAsynDisplay";
			};
			name = Release;
		};
		52F2DC6E2AF3DE19001CAEF0 /* Debug */ = {
			isa = XCBuildConfiguration;
			baseConfigurationReference = D0DF03164B1908AD032B2078 /* Pods-StudyAsynDisplay-StudyAsynDisplayUITests.debug.xcconfig */;
			buildSettings = {
				ALWAYS_EMBED_SWIFT_STANDARD_LIBRARIES = YES;
				CODE_SIGN_STYLE = Automatic;
				CURRENT_PROJECT_VERSION = 1;
				GENERATE_INFOPLIST_FILE = YES;
				MARKETING_VERSION = 1.0;
				PRODUCT_BUNDLE_IDENTIFIER = com.study.sysModel.StudyAsynDisplayUITests;
				PRODUCT_NAME = "$(TARGET_NAME)";
				SWIFT_EMIT_LOC_STRINGS = NO;
				SWIFT_VERSION = 5.0;
				TARGETED_DEVICE_FAMILY = "1,2";
				TEST_TARGET_NAME = StudyAsynDisplay;
			};
			name = Debug;
		};
		52F2DC6F2AF3DE19001CAEF0 /* Release */ = {
			isa = XCBuildConfiguration;
			baseConfigurationReference = BB9CF94ABB649C153969F2FA /* Pods-StudyAsynDisplay-StudyAsynDisplayUITests.release.xcconfig */;
			buildSettings = {
				ALWAYS_EMBED_SWIFT_STANDARD_LIBRARIES = YES;
				CODE_SIGN_STYLE = Automatic;
				CURRENT_PROJECT_VERSION = 1;
				GENERATE_INFOPLIST_FILE = YES;
				MARKETING_VERSION = 1.0;
				PRODUCT_BUNDLE_IDENTIFIER = com.study.sysModel.StudyAsynDisplayUITests;
				PRODUCT_NAME = "$(TARGET_NAME)";
				SWIFT_EMIT_LOC_STRINGS = NO;
				SWIFT_VERSION = 5.0;
				TARGETED_DEVICE_FAMILY = "1,2";
				TEST_TARGET_NAME = StudyAsynDisplay;
			};
			name = Release;
		};
/* End XCBuildConfiguration section */

/* Begin XCConfigurationList section */
		52F2DC382AF3DE16001CAEF0 /* Build configuration list for PBXProject "StudyAsynDisplay" */ = {
			isa = XCConfigurationList;
			buildConfigurations = (
				52F2DC652AF3DE19001CAEF0 /* Debug */,
				52F2DC662AF3DE19001CAEF0 /* Release */,
			);
			defaultConfigurationIsVisible = 0;
			defaultConfigurationName = Release;
		};
		52F2DC672AF3DE19001CAEF0 /* Build configuration list for PBXNativeTarget "StudyAsynDisplay" */ = {
			isa = XCConfigurationList;
			buildConfigurations = (
				52F2DC682AF3DE19001CAEF0 /* Debug */,
				52F2DC692AF3DE19001CAEF0 /* Release */,
			);
			defaultConfigurationIsVisible = 0;
			defaultConfigurationName = Release;
		};
		52F2DC6A2AF3DE19001CAEF0 /* Build configuration list for PBXNativeTarget "StudyAsynDisplayTests" */ = {
			isa = XCConfigurationList;
			buildConfigurations = (
				52F2DC6B2AF3DE19001CAEF0 /* Debug */,
				52F2DC6C2AF3DE19001CAEF0 /* Release */,
			);
			defaultConfigurationIsVisible = 0;
			defaultConfigurationName = Release;
		};
		52F2DC6D2AF3DE19001CAEF0 /* Build configuration list for PBXNativeTarget "StudyAsynDisplayUITests" */ = {
			isa = XCConfigurationList;
			buildConfigurations = (
				52F2DC6E2AF3DE19001CAEF0 /* Debug */,
				52F2DC6F2AF3DE19001CAEF0 /* Release */,
			);
			defaultConfigurationIsVisible = 0;
			defaultConfigurationName = Release;
		};
/* End XCConfigurationList section */
	};
	rootObject = 52F2DC352AF3DE16001CAEF0 /* Project object */;
}
